
Microsoft Visual Studio Solution File, Format Version 12.00
# Visual Studio Version 17
VisualStudioVersion = 17.11.35312.102
MinimumVisualStudioVersion = 10.0.40219.1
Project("{FAE04EC0-301F-11D3-BF4B-00C04F79EFBC}") = "MauiApp1", "MauiApp1\MauiApp1.csproj", "{91E59A0D-B1BB-4C87-9851-CA04C2DA8831}"
EndProject
Global
	GlobalSection(SolutionConfigurationPlatforms) = preSolution
		Debug|Any CPU = Debug|Any CPU
		Release|Any CPU = Release|Any CPU
	EndGlobalSection
	GlobalSection(ProjectConfigurationPlatforms) = postSolution
		{91E59A0D-B1BB-4C87-9851-CA04C2DA8831}.Debug|Any CPU.ActiveCfg = Debug|Any CPU
		{91E59A0D-B1BB-4C87-9851-CA04C2DA8831}.Debug|Any CPU.Build.0 = Debug|Any CPU
		{91E59A0D-B1BB-4C87-9851-CA04C2DA8831}.Debug|Any CPU.Deploy.0 = Debug|Any CPU
		{91E59A0D-B1BB-4C87-9851-CA04C2DA8831}.Release|Any CPU.ActiveCfg = Release|Any CPU
		{91E59A0D-B1BB-4C87-9851-CA04C2DA8831}.Release|Any CPU.Build.0 = Release|Any CPU
		{91E59A0D-B1BB-4C87-9851-CA04C2DA8831}.Release|Any CPU.Deploy.0 = Release|Any CPU
	EndGlobalSection
	GlobalSection(SolutionProperties) = preSolution
		HideSolutionNode = FALSE
	EndGlobalSection
	GlobalSection(ExtensibilityGlobals) = postSolution
		SolutionGuid = {88CA9B59-93E4-4E5C-9E5F-0EEF41E1C0E2}
	EndGlobalSection
EndGlobal
